
Microsoft Visual Studio Solution File, Format Version 12.00
# Visual Studio 15
VisualStudioVersion = 15.0.28010.2016
MinimumVisualStudioVersion = 10.0.40219.1
Project("{9A19103F-16F7-4668-BE54-9A1E7A4F7556}") = "Bolao.Domain", "Bolao.Domain\Bolao.Domain.csproj", "{B5A76FF9-BB9B-4912-9DFA-8634C6AB814D}"
EndProject
Project("{9A19103F-16F7-4668-BE54-9A1E7A4F7556}") = "Bolao.Infra", "Bolao.Infra\Bolao.Infra.csproj", "{67733ADA-332F-42C8-A6DC-887D57FCBB77}"
EndProject
Project("{9A19103F-16F7-4668-BE54-9A1E7A4F7556}") = "Bolao.CrossCutting", "Bolao.CrossCutting\Bolao.CrossCutting.csproj", "{4D46D1F6-05CB-4410-9745-40587F266065}"
EndProject
Project("{9A19103F-16F7-4668-BE54-9A1E7A4F7556}") = "Bolao.Api", "Bolao.Api\Bolao.Api.csproj", "{59CB0E4F-4FE5-4A50-AA58-E1F01623A882}"
EndProject
Project("{E24C65DC-7377-472B-9ABA-BC803B73C61A}") = "Bolao.UI", "Bolao.UI\", "{E8FB4E6E-303C-4F21-8A78-567A82B18F92}"
	ProjectSection(WebsiteProperties) = preProject
		TargetFrameworkMoniker = ".NETFramework,Version%3Dv4.0"
		Debug.AspNetCompiler.VirtualPath = "/localhost_60476"
		Debug.AspNetCompiler.PhysicalPath = "Bolao.UI\"
		Debug.AspNetCompiler.TargetPath = "PrecompiledWeb\localhost_60476\"
		Debug.AspNetCompiler.Updateable = "true"
		Debug.AspNetCompiler.ForceOverwrite = "true"
		Debug.AspNetCompiler.FixedNames = "false"
		Debug.AspNetCompiler.Debug = "True"
		Release.AspNetCompiler.VirtualPath = "/localhost_60476"
		Release.AspNetCompiler.PhysicalPath = "Bolao.UI\"
		Release.AspNetCompiler.TargetPath = "PrecompiledWeb\localhost_60476\"
		Release.AspNetCompiler.Updateable = "true"
		Release.AspNetCompiler.ForceOverwrite = "true"
		Release.AspNetCompiler.FixedNames = "false"
		Release.AspNetCompiler.Debug = "False"
		VWDPort = "60476"
	EndProjectSection
EndProject
Global
	GlobalSection(SolutionConfigurationPlatforms) = preSolution
		Debug|Any CPU = Debug|Any CPU
		Release|Any CPU = Release|Any CPU
	EndGlobalSection
	GlobalSection(ProjectConfigurationPlatforms) = postSolution
		{B5A76FF9-BB9B-4912-9DFA-8634C6AB814D}.Debug|Any CPU.ActiveCfg = Debug|Any CPU
		{B5A76FF9-BB9B-4912-9DFA-8634C6AB814D}.Debug|Any CPU.Build.0 = Debug|Any CPU
		{B5A76FF9-BB9B-4912-9DFA-8634C6AB814D}.Release|Any CPU.ActiveCfg = Release|Any CPU
		{B5A76FF9-BB9B-4912-9DFA-8634C6AB814D}.Release|Any CPU.Build.0 = Release|Any CPU
		{67733ADA-332F-42C8-A6DC-887D57FCBB77}.Debug|Any CPU.ActiveCfg = Debug|Any CPU
		{67733ADA-332F-42C8-A6DC-887D57FCBB77}.Debug|Any CPU.Build.0 = Debug|Any CPU
		{67733ADA-332F-42C8-A6DC-887D57FCBB77}.Release|Any CPU.ActiveCfg = Release|Any CPU
		{67733ADA-332F-42C8-A6DC-887D57FCBB77}.Release|Any CPU.Build.0 = Release|Any CPU
		{4D46D1F6-05CB-4410-9745-40587F266065}.Debug|Any CPU.ActiveCfg = Debug|Any CPU
		{4D46D1F6-05CB-4410-9745-40587F266065}.Debug|Any CPU.Build.0 = Debug|Any CPU
		{4D46D1F6-05CB-4410-9745-40587F266065}.Release|Any CPU.ActiveCfg = Release|Any CPU
		{4D46D1F6-05CB-4410-9745-40587F266065}.Release|Any CPU.Build.0 = Release|Any CPU
		{59CB0E4F-4FE5-4A50-AA58-E1F01623A882}.Debug|Any CPU.ActiveCfg = Debug|Any CPU
		{59CB0E4F-4FE5-4A50-AA58-E1F01623A882}.Debug|Any CPU.Build.0 = Debug|Any CPU
		{59CB0E4F-4FE5-4A50-AA58-E1F01623A882}.Release|Any CPU.ActiveCfg = Release|Any CPU
		{59CB0E4F-4FE5-4A50-AA58-E1F01623A882}.Release|Any CPU.Build.0 = Release|Any CPU
		{E8FB4E6E-303C-4F21-8A78-567A82B18F92}.Debug|Any CPU.ActiveCfg = Debug|Any CPU
		{E8FB4E6E-303C-4F21-8A78-567A82B18F92}.Debug|Any CPU.Build.0 = Debug|Any CPU
		{E8FB4E6E-303C-4F21-8A78-567A82B18F92}.Release|Any CPU.ActiveCfg = Debug|Any CPU
		{E8FB4E6E-303C-4F21-8A78-567A82B18F92}.Release|Any CPU.Build.0 = Debug|Any CPU
	EndGlobalSection
	GlobalSection(SolutionProperties) = preSolution
		HideSolutionNode = FALSE
	EndGlobalSection
	GlobalSection(ExtensibilityGlobals) = postSolution
		SolutionGuid = {3DB8C52A-72C0-4C4F-950A-9FF9B116AEF2}
	EndGlobalSection
EndGlobal
